
Microsoft Visual Studio Solution File, Format Version 12.00
# Visual Studio Version 17
VisualStudioVersion = 17.13.35806.99 d17.13
MinimumVisualStudioVersion = 10.0.40219.1
Project("{FAE04EC0-301F-11D3-BF4B-00C04F79EFBC}") = "PumpDumpBotPaymentBackend", "PumpDumpBotPaymentBackend.csproj", "{C91E5854-1C86-415F-BDCE-CCB375A43154}"
EndProject
Global
	GlobalSection(SolutionConfigurationPlatforms) = preSolution
		Debug|Any CPU = Debug|Any CPU
		Release|Any CPU = Release|Any CPU
	EndGlobalSection
	GlobalSection(ProjectConfigurationPlatforms) = postSolution
		{C91E5854-1C86-415F-BDCE-CCB375A43154}.Debug|Any CPU.ActiveCfg = Debug|Any CPU
		{C91E5854-1C86-415F-BDCE-CCB375A43154}.Debug|Any CPU.Build.0 = Debug|Any CPU
		{C91E5854-1C86-415F-BDCE-CCB375A43154}.Release|Any CPU.ActiveCfg = Release|Any CPU
		{C91E5854-1C86-415F-BDCE-CCB375A43154}.Release|Any CPU.Build.0 = Release|Any CPU
	EndGlobalSection
	GlobalSection(SolutionProperties) = preSolution
		HideSolutionNode = FALSE
	EndGlobalSection
	GlobalSection(ExtensibilityGlobals) = postSolution
		SolutionGuid = {50516CB0-6F63-4CC5-9BE6-31A6BC9046DB}
	EndGlobalSection
EndGlobal
